
Microsoft Visual Studio Solution File, Format Version 12.00
# Visual Studio 15
VisualStudioVersion = 15.0.27130.2027
MinimumVisualStudioVersion = 10.0.40219.1
Project("{8BC9CEB8-8B4A-11D0-8D11-00A0C91BC942}") = "KExplore", "KExplore\KExplore.vcxproj", "{E96B9A14-28CD-4D69-9D8B-7A0A69543A01}"
EndProject
Project("{8BC9CEB8-8B4A-11D0-8D11-00A0C91BC942}") = "KExploreHelper", "KExploreHelper\KExploreHelper.vcxproj", "{2F00036D-C293-4C9D-9267-784C11C01ED6}"
	ProjectSection(ProjectDependencies) = postProject
		{E96B9A14-28CD-4D69-9D8B-7A0A69543A01} = {E96B9A14-28CD-4D69-9D8B-7A0A69543A01}
	EndProjectSection
EndProject
Project("{8BC9CEB8-8B4A-11D0-8D11-00A0C91BC942}") = "JobList", "JobList\JobList.vcxproj", "{74D4ED9A-6D7E-45D4-9016-46C8F183B739}"
	ProjectSection(ProjectDependencies) = postProject
		{E96B9A14-28CD-4D69-9D8B-7A0A69543A01} = {E96B9A14-28CD-4D69-9D8B-7A0A69543A01}
	EndProjectSection
EndProject
Project("{FAE04EC0-301F-11D3-BF4B-00C04F79EFBC}") = "JobView", "JobView\JobView.csproj", "{37C00066-9412-4E76-86D2-D2D39E179050}"
EndProject
Project("{FAE04EC0-301F-11D3-BF4B-00C04F79EFBC}") = "KernelExplorer.Driver", "KernelExplorer.Driver\KernelExplorer.Driver.csproj", "{98412CD8-28D6-4135-A6F2-F95305B7ED33}"
EndProject
Project("{8BC9CEB8-8B4A-11D0-8D11-00A0C91BC942}") = "ProcList", "ProcList\ProcList.vcxproj", "{7F9CD588-E2B5-4953-B317-FE66E025983B}"
	ProjectSection(ProjectDependencies) = postProject
		{E96B9A14-28CD-4D69-9D8B-7A0A69543A01} = {E96B9A14-28CD-4D69-9D8B-7A0A69543A01}
	EndProjectSection
EndProject
Project("{8BC9CEB8-8B4A-11D0-8D11-00A0C91BC942}") = "MemMap", "MemMap\MemMap.vcxproj", "{C43F2B17-A6EE-42B9-B6A3-80AD74C9317F}"
EndProject
Project("{FAE04EC0-301F-11D3-BF4B-00C04F79EFBC}") = "MemMapView", "MemMapView\MemMapView.csproj", "{3F14CB03-DC75-49E0-AC94-61E5BF951CFA}"
	ProjectSection(ProjectDependencies) = postProject
		{E96B9A14-28CD-4D69-9D8B-7A0A69543A01} = {E96B9A14-28CD-4D69-9D8B-7A0A69543A01}
	EndProjectSection
EndProject
Project("{2150E333-8FDC-42A3-9474-1A3956D46DE8}") = "Tools", "Tools", "{99AA5299-6C5D-4FDB-9E01-53E970D6DB49}"
EndProject
Project("{2150E333-8FDC-42A3-9474-1A3956D46DE8}") = "Controls", "Controls", "{86231D9B-6484-40EC-8F67-D4C30AFB0E60}"
EndProject
Project("{FAE04EC0-301F-11D3-BF4B-00C04F79EFBC}") = "HexEditControl", "HexEditControl\HexEditControl.csproj", "{708775E8-A45A-4BF8-8082-1A5A0530EF88}"
EndProject
Project("{FAE04EC0-301F-11D3-BF4B-00C04F79EFBC}") = "BufferManager", "BufferManager\BufferManager.csproj", "{A1E0E6C7-C733-4228-8FF2-27DD2A98B902}"
EndProject
Global
	GlobalSection(SolutionConfigurationPlatforms) = preSolution
		Debug|Any CPU = Debug|Any CPU
		Debug|ARM = Debug|ARM
		Debug|ARM64 = Debug|ARM64
		Debug|x64 = Debug|x64
		Debug|x86 = Debug|x86
		Release|Any CPU = Release|Any CPU
		Release|ARM = Release|ARM
		Release|ARM64 = Release|ARM64
		Release|x64 = Release|x64
		Release|x86 = Release|x86
		ReleaseNoSign|Any CPU = ReleaseNoSign|Any CPU
		ReleaseNoSign|ARM = ReleaseNoSign|ARM
		ReleaseNoSign|ARM64 = ReleaseNoSign|ARM64
		ReleaseNoSign|x64 = ReleaseNoSign|x64
		ReleaseNoSign|x86 = ReleaseNoSign|x86
	EndGlobalSection
	GlobalSection(ProjectConfigurationPlatforms) = postSolution
		{E96B9A14-28CD-4D69-9D8B-7A0A69543A01}.Debug|Any CPU.ActiveCfg = Debug|Win32
		{E96B9A14-28CD-4D69-9D8B-7A0A69543A01}.Debug|ARM.ActiveCfg = Debug|ARM
		{E96B9A14-28CD-4D69-9D8B-7A0A69543A01}.Debug|ARM.Build.0 = Debug|ARM
		{E96B9A14-28CD-4D69-9D8B-7A0A69543A01}.Debug|ARM.Deploy.0 = Debug|ARM
		{E96B9A14-28CD-4D69-9D8B-7A0A69543A01}.Debug|ARM64.ActiveCfg = Debug|ARM64
		{E96B9A14-28CD-4D69-9D8B-7A0A69543A01}.Debug|ARM64.Build.0 = Debug|ARM64
		{E96B9A14-28CD-4D69-9D8B-7A0A69543A01}.Debug|ARM64.Deploy.0 = Debug|ARM64
		{E96B9A14-28CD-4D69-9D8B-7A0A69543A01}.Debug|x64.ActiveCfg = Debug|x64
		{E96B9A14-28CD-4D69-9D8B-7A0A69543A01}.Debug|x64.Build.0 = Debug|x64
		{E96B9A14-28CD-4D69-9D8B-7A0A69543A01}.Debug|x64.Deploy.0 = Debug|x64
		{E96B9A14-28CD-4D69-9D8B-7A0A69543A01}.Debug|x86.ActiveCfg = Debug|Win32
		{E96B9A14-28CD-4D69-9D8B-7A0A69543A01}.Debug|x86.Build.0 = Debug|Win32
		{E96B9A14-28CD-4D69-9D8B-7A0A69543A01}.Debug|x86.Deploy.0 = Debug|Win32
		{E96B9A14-28CD-4D69-9D8B-7A0A69543A01}.Release|Any CPU.ActiveCfg = Release|Win32
		{E96B9A14-28CD-4D69-9D8B-7A0A69543A01}.Release|ARM.ActiveCfg = Release|ARM
		{E96B9A14-28CD-4D69-9D8B-7A0A69543A01}.Release|ARM.Build.0 = Release|ARM
		{E96B9A14-28CD-4D69-9D8B-7A0A69543A01}.Release|ARM.Deploy.0 = Release|ARM
		{E96B9A14-28CD-4D69-9D8B-7A0A69543A01}.Release|ARM64.ActiveCfg = Release|ARM64
		{E96B9A14-28CD-4D69-9D8B-7A0A69543A01}.Release|ARM64.Build.0 = Release|ARM64
		{E96B9A14-28CD-4D69-9D8B-7A0A69543A01}.Release|ARM64.Deploy.0 = Release|ARM64
		{E96B9A14-28CD-4D69-9D8B-7A0A69543A01}.Release|x64.ActiveCfg = Release|x64
		{E96B9A14-28CD-4D69-9D8B-7A0A69543A01}.Release|x64.Build.0 = Release|x64
		{E96B9A14-28CD-4D69-9D8B-7A0A69543A01}.Release|x64.Deploy.0 = Release|x64
		{E96B9A14-28CD-4D69-9D8B-7A0A69543A01}.Release|x86.ActiveCfg = Release|Win32
		{E96B9A14-28CD-4D69-9D8B-7A0A69543A01}.Release|x86.Build.0 = Release|Win32
		{E96B9A14-28CD-4D69-9D8B-7A0A69543A01}.Release|x86.Deploy.0 = Release|Win32
		{E96B9A14-28CD-4D69-9D8B-7A0A69543A01}.ReleaseNoSign|Any CPU.ActiveCfg = ReleaseNoSign|Win32
		{E96B9A14-28CD-4D69-9D8B-7A0A69543A01}.ReleaseNoSign|ARM.ActiveCfg = ReleaseNoSign|ARM
		{E96B9A14-28CD-4D69-9D8B-7A0A69543A01}.ReleaseNoSign|ARM.Build.0 = ReleaseNoSign|ARM
		{E96B9A14-28CD-4D69-9D8B-7A0A69543A01}.ReleaseNoSign|ARM.Deploy.0 = ReleaseNoSign|ARM
		{E96B9A14-28CD-4D69-9D8B-7A0A69543A01}.ReleaseNoSign|ARM64.ActiveCfg = ReleaseNoSign|ARM64
		{E96B9A14-28CD-4D69-9D8B-7A0A69543A01}.ReleaseNoSign|ARM64.Build.0 = ReleaseNoSign|ARM64
		{E96B9A14-28CD-4D69-9D8B-7A0A69543A01}.ReleaseNoSign|ARM64.Deploy.0 = ReleaseNoSign|ARM64
		{E96B9A14-28CD-4D69-9D8B-7A0A69543A01}.ReleaseNoSign|x64.ActiveCfg = ReleaseNoSign|x64
		{E96B9A14-28CD-4D69-9D8B-7A0A69543A01}.ReleaseNoSign|x64.Build.0 = ReleaseNoSign|x64
		{E96B9A14-28CD-4D69-9D8B-7A0A69543A01}.ReleaseNoSign|x64.Deploy.0 = ReleaseNoSign|x64
		{E96B9A14-28CD-4D69-9D8B-7A0A69543A01}.ReleaseNoSign|x86.ActiveCfg = ReleaseNoSign|Win32
		{E96B9A14-28CD-4D69-9D8B-7A0A69543A01}.ReleaseNoSign|x86.Build.0 = ReleaseNoSign|Win32
		{E96B9A14-28CD-4D69-9D8B-7A0A69543A01}.ReleaseNoSign|x86.Deploy.0 = ReleaseNoSign|Win32
		{2F00036D-C293-4C9D-9267-784C11C01ED6}.Debug|Any CPU.ActiveCfg = Debug|Win32
		{2F00036D-C293-4C9D-9267-784C11C01ED6}.Debug|ARM.ActiveCfg = Debug|Win32
		{2F00036D-C293-4C9D-9267-784C11C01ED6}.Debug|ARM64.ActiveCfg = Debug|Win32
		{2F00036D-C293-4C9D-9267-784C11C01ED6}.Debug|x64.ActiveCfg = Debug|x64
		{2F00036D-C293-4C9D-9267-784C11C01ED6}.Debug|x64.Build.0 = Debug|x64
		{2F00036D-C293-4C9D-9267-784C11C01ED6}.Debug|x86.ActiveCfg = Debug|Win32
		{2F00036D-C293-4C9D-9267-784C11C01ED6}.Debug|x86.Build.0 = Debug|Win32
		{2F00036D-C293-4C9D-9267-784C11C01ED6}.Release|Any CPU.ActiveCfg = Release|Win32
		{2F00036D-C293-4C9D-9267-784C11C01ED6}.Release|ARM.ActiveCfg = Release|Win32
		{2F00036D-C293-4C9D-9267-784C11C01ED6}.Release|ARM64.ActiveCfg = Release|Win32
		{2F00036D-C293-4C9D-9267-784C11C01ED6}.Release|x64.ActiveCfg = Release|x64
		{2F00036D-C293-4C9D-9267-784C11C01ED6}.Release|x64.Build.0 = Release|x64
		{2F00036D-C293-4C9D-9267-784C11C01ED6}.Release|x86.ActiveCfg = Release|Win32
		{2F00036D-C293-4C9D-9267-784C11C01ED6}.Release|x86.Build.0 = Release|Win32
		{2F00036D-C293-4C9D-9267-784C11C01ED6}.ReleaseNoSign|Any CPU.ActiveCfg = ReleaseNoSign|Win32
		{2F00036D-C293-4C9D-9267-784C11C01ED6}.ReleaseNoSign|ARM.ActiveCfg = ReleaseNoSign|Win32
		{2F00036D-C293-4C9D-9267-784C11C01ED6}.ReleaseNoSign|ARM64.ActiveCfg = ReleaseNoSign|Win32
		{2F00036D-C293-4C9D-9267-784C11C01ED6}.ReleaseNoSign|x64.ActiveCfg = Release|x64
		{2F00036D-C293-4C9D-9267-784C11C01ED6}.ReleaseNoSign|x64.Build.0 = Release|x64
		{2F00036D-C293-4C9D-9267-784C11C01ED6}.ReleaseNoSign|x86.ActiveCfg = ReleaseNoSign|Win32
		{2F00036D-C293-4C9D-9267-784C11C01ED6}.ReleaseNoSign|x86.Build.0 = ReleaseNoSign|Win32
		{74D4ED9A-6D7E-45D4-9016-46C8F183B739}.Debug|Any CPU.ActiveCfg = Debug|Win32
		{74D4ED9A-6D7E-45D4-9016-46C8F183B739}.Debug|ARM.ActiveCfg = Debug|Win32
		{74D4ED9A-6D7E-45D4-9016-46C8F183B739}.Debug|ARM64.ActiveCfg = Debug|Win32
		{74D4ED9A-6D7E-45D4-9016-46C8F183B739}.Debug|x64.ActiveCfg = Debug|x64
		{74D4ED9A-6D7E-45D4-9016-46C8F183B739}.Debug|x64.Build.0 = Debug|x64
		{74D4ED9A-6D7E-45D4-9016-46C8F183B739}.Debug|x86.ActiveCfg = Debug|Win32
		{74D4ED9A-6D7E-45D4-9016-46C8F183B739}.Debug|x86.Build.0 = Debug|Win32
		{74D4ED9A-6D7E-45D4-9016-46C8F183B739}.Release|Any CPU.ActiveCfg = Release|Win32
		{74D4ED9A-6D7E-45D4-9016-46C8F183B739}.Release|ARM.ActiveCfg = Release|Win32
		{74D4ED9A-6D7E-45D4-9016-46C8F183B739}.Release|ARM64.ActiveCfg = Release|Win32
		{74D4ED9A-6D7E-45D4-9016-46C8F183B739}.Release|x64.ActiveCfg = Release|x64
		{74D4ED9A-6D7E-45D4-9016-46C8F183B739}.Release|x64.Build.0 = Release|x64
		{74D4ED9A-6D7E-45D4-9016-46C8F183B739}.Release|x86.ActiveCfg = Release|Win32
		{74D4ED9A-6D7E-45D4-9016-46C8F183B739}.Release|x86.Build.0 = Release|Win32
		{74D4ED9A-6D7E-45D4-9016-46C8F183B739}.ReleaseNoSign|Any CPU.ActiveCfg = ReleaseNoSign|Win32
		{74D4ED9A-6D7E-45D4-9016-46C8F183B739}.ReleaseNoSign|ARM.ActiveCfg = ReleaseNoSign|Win32
		{74D4ED9A-6D7E-45D4-9016-46C8F183B739}.ReleaseNoSign|ARM64.ActiveCfg = ReleaseNoSign|Win32
		{74D4ED9A-6D7E-45D4-9016-46C8F183B739}.ReleaseNoSign|x64.ActiveCfg = Release|x64
		{74D4ED9A-6D7E-45D4-9016-46C8F183B739}.ReleaseNoSign|x64.Build.0 = Release|x64
		{74D4ED9A-6D7E-45D4-9016-46C8F183B739}.ReleaseNoSign|x86.ActiveCfg = ReleaseNoSign|Win32
		{74D4ED9A-6D7E-45D4-9016-46C8F183B739}.ReleaseNoSign|x86.Build.0 = ReleaseNoSign|Win32
		{37C00066-9412-4E76-86D2-D2D39E179050}.Debug|Any CPU.ActiveCfg = Debug|Any CPU
		{37C00066-9412-4E76-86D2-D2D39E179050}.Debug|Any CPU.Build.0 = Debug|Any CPU
		{37C00066-9412-4E76-86D2-D2D39E179050}.Debug|ARM.ActiveCfg = Debug|Any CPU
		{37C00066-9412-4E76-86D2-D2D39E179050}.Debug|ARM.Build.0 = Debug|Any CPU
		{37C00066-9412-4E76-86D2-D2D39E179050}.Debug|ARM64.ActiveCfg = Debug|Any CPU
		{37C00066-9412-4E76-86D2-D2D39E179050}.Debug|ARM64.Build.0 = Debug|Any CPU
		{37C00066-9412-4E76-86D2-D2D39E179050}.Debug|x64.ActiveCfg = Debug|Any CPU
		{37C00066-9412-4E76-86D2-D2D39E179050}.Debug|x64.Build.0 = Debug|Any CPU
		{37C00066-9412-4E76-86D2-D2D39E179050}.Debug|x86.ActiveCfg = Debug|Any CPU
		{37C00066-9412-4E76-86D2-D2D39E179050}.Debug|x86.Build.0 = Debug|Any CPU
		{37C00066-9412-4E76-86D2-D2D39E179050}.Release|Any CPU.ActiveCfg = Release|Any CPU
		{37C00066-9412-4E76-86D2-D2D39E179050}.Release|Any CPU.Build.0 = Release|Any CPU
		{37C00066-9412-4E76-86D2-D2D39E179050}.Release|ARM.ActiveCfg = Release|Any CPU
		{37C00066-9412-4E76-86D2-D2D39E179050}.Release|ARM.Build.0 = Release|Any CPU
		{37C00066-9412-4E76-86D2-D2D39E179050}.Release|ARM64.ActiveCfg = Release|Any CPU
		{37C00066-9412-4E76-86D2-D2D39E179050}.Release|ARM64.Build.0 = Release|Any CPU
		{37C00066-9412-4E76-86D2-D2D39E179050}.Release|x64.ActiveCfg = Release|Any CPU
		{37C00066-9412-4E76-86D2-D2D39E179050}.Release|x64.Build.0 = Release|Any CPU
		{37C00066-9412-4E76-86D2-D2D39E179050}.Release|x86.ActiveCfg = Release|Any CPU
		{37C00066-9412-4E76-86D2-D2D39E179050}.Release|x86.Build.0 = Release|Any CPU
		{37C00066-9412-4E76-86D2-D2D39E179050}.ReleaseNoSign|Any CPU.ActiveCfg = ReleaseNoSign|Any CPU
		{37C00066-9412-4E76-86D2-D2D39E179050}.ReleaseNoSign|Any CPU.Build.0 = ReleaseNoSign|Any CPU
		{37C00066-9412-4E76-86D2-D2D39E179050}.ReleaseNoSign|ARM.ActiveCfg = ReleaseNoSign|Any CPU
		{37C00066-9412-4E76-86D2-D2D39E179050}.ReleaseNoSign|ARM.Build.0 = ReleaseNoSign|Any CPU
		{37C00066-9412-4E76-86D2-D2D39E179050}.ReleaseNoSign|ARM64.ActiveCfg = ReleaseNoSign|Any CPU
		{37C00066-9412-4E76-86D2-D2D39E179050}.ReleaseNoSign|ARM64.Build.0 = ReleaseNoSign|Any CPU
		{37C00066-9412-4E76-86D2-D2D39E179050}.ReleaseNoSign|x64.ActiveCfg = Release|Any CPU
		{37C00066-9412-4E76-86D2-D2D39E179050}.ReleaseNoSign|x64.Build.0 = Release|Any CPU
		{37C00066-9412-4E76-86D2-D2D39E179050}.ReleaseNoSign|x86.ActiveCfg = ReleaseNoSign|Any CPU
		{37C00066-9412-4E76-86D2-D2D39E179050}.ReleaseNoSign|x86.Build.0 = ReleaseNoSign|Any CPU
		{98412CD8-28D6-4135-A6F2-F95305B7ED33}.Debug|Any CPU.ActiveCfg = Debug|Any CPU
		{98412CD8-28D6-4135-A6F2-F95305B7ED33}.Debug|Any CPU.Build.0 = Debug|Any CPU
		{98412CD8-28D6-4135-A6F2-F95305B7ED33}.Debug|ARM.ActiveCfg = Debug|Any CPU
		{98412CD8-28D6-4135-A6F2-F95305B7ED33}.Debug|ARM.Build.0 = Debug|Any CPU
		{98412CD8-28D6-4135-A6F2-F95305B7ED33}.Debug|ARM64.ActiveCfg = Debug|Any CPU
		{98412CD8-28D6-4135-A6F2-F95305B7ED33}.Debug|ARM64.Build.0 = Debug|Any CPU
		{98412CD8-28D6-4135-A6F2-F95305B7ED33}.Debug|x64.ActiveCfg = Debug|Any CPU
		{98412CD8-28D6-4135-A6F2-F95305B7ED33}.Debug|x64.Build.0 = Debug|Any CPU
		{98412CD8-28D6-4135-A6F2-F95305B7ED33}.Debug|x86.ActiveCfg = Debug|Any CPU
		{98412CD8-28D6-4135-A6F2-F95305B7ED33}.Debug|x86.Build.0 = Debug|Any CPU
		{98412CD8-28D6-4135-A6F2-F95305B7ED33}.Release|Any CPU.ActiveCfg = Release|Any CPU
		{98412CD8-28D6-4135-A6F2-F95305B7ED33}.Release|Any CPU.Build.0 = Release|Any CPU
		{98412CD8-28D6-4135-A6F2-F95305B7ED33}.Release|ARM.ActiveCfg = Release|Any CPU
		{98412CD8-28D6-4135-A6F2-F95305B7ED33}.Release|ARM.Build.0 = Release|Any CPU
		{98412CD8-28D6-4135-A6F2-F95305B7ED33}.Release|ARM64.ActiveCfg = Release|Any CPU
		{98412CD8-28D6-4135-A6F2-F95305B7ED33}.Release|ARM64.Build.0 = Release|Any CPU
		{98412CD8-28D6-4135-A6F2-F95305B7ED33}.Release|x64.ActiveCfg = Release|Any CPU
		{98412CD8-28D6-4135-A6F2-F95305B7ED33}.Release|x64.Build.0 = Release|Any CPU
		{98412CD8-28D6-4135-A6F2-F95305B7ED33}.Release|x86.ActiveCfg = Release|Any CPU
		{98412CD8-28D6-4135-A6F2-F95305B7ED33}.Release|x86.Build.0 = Release|Any CPU
		{98412CD8-28D6-4135-A6F2-F95305B7ED33}.ReleaseNoSign|Any CPU.ActiveCfg = ReleaseNoSign|Any CPU
		{98412CD8-28D6-4135-A6F2-F95305B7ED33}.ReleaseNoSign|Any CPU.Build.0 = ReleaseNoSign|Any CPU
		{98412CD8-28D6-4135-A6F2-F95305B7ED33}.ReleaseNoSign|ARM.ActiveCfg = ReleaseNoSign|Any CPU
		{98412CD8-28D6-4135-A6F2-F95305B7ED33}.ReleaseNoSign|ARM.Build.0 = ReleaseNoSign|Any CPU
		{98412CD8-28D6-4135-A6F2-F95305B7ED33}.ReleaseNoSign|ARM64.ActiveCfg = ReleaseNoSign|Any CPU
		{98412CD8-28D6-4135-A6F2-F95305B7ED33}.ReleaseNoSign|ARM64.Build.0 = ReleaseNoSign|Any CPU
		{98412CD8-28D6-4135-A6F2-F95305B7ED33}.ReleaseNoSign|x64.ActiveCfg = Release|Any CPU
		{98412CD8-28D6-4135-A6F2-F95305B7ED33}.ReleaseNoSign|x64.Build.0 = Release|Any CPU
		{98412CD8-28D6-4135-A6F2-F95305B7ED33}.ReleaseNoSign|x86.ActiveCfg = ReleaseNoSign|Any CPU
		{98412CD8-28D6-4135-A6F2-F95305B7ED33}.ReleaseNoSign|x86.Build.0 = ReleaseNoSign|Any CPU
		{7F9CD588-E2B5-4953-B317-FE66E025983B}.Debug|Any CPU.ActiveCfg = Debug|Win32
		{7F9CD588-E2B5-4953-B317-FE66E025983B}.Debug|ARM.ActiveCfg = Debug|Win32
		{7F9CD588-E2B5-4953-B317-FE66E025983B}.Debug|ARM64.ActiveCfg = Debug|Win32
		{7F9CD588-E2B5-4953-B317-FE66E025983B}.Debug|x64.ActiveCfg = Debug|x64
		{7F9CD588-E2B5-4953-B317-FE66E025983B}.Debug|x64.Build.0 = Debug|x64
		{7F9CD588-E2B5-4953-B317-FE66E025983B}.Debug|x86.ActiveCfg = Debug|Win32
		{7F9CD588-E2B5-4953-B317-FE66E025983B}.Debug|x86.Build.0 = Debug|Win32
		{7F9CD588-E2B5-4953-B317-FE66E025983B}.Release|Any CPU.ActiveCfg = Release|Win32
		{7F9CD588-E2B5-4953-B317-FE66E025983B}.Release|ARM.ActiveCfg = Release|Win32
		{7F9CD588-E2B5-4953-B317-FE66E025983B}.Release|ARM64.ActiveCfg = Release|Win32
		{7F9CD588-E2B5-4953-B317-FE66E025983B}.Release|x64.ActiveCfg = Release|x64
		{7F9CD588-E2B5-4953-B317-FE66E025983B}.Release|x64.Build.0 = Release|x64
		{7F9CD588-E2B5-4953-B317-FE66E025983B}.Release|x86.ActiveCfg = Release|Win32
		{7F9CD588-E2B5-4953-B317-FE66E025983B}.Release|x86.Build.0 = Release|Win32
		{7F9CD588-E2B5-4953-B317-FE66E025983B}.ReleaseNoSign|Any CPU.ActiveCfg = ReleaseNoSign|Win32
		{7F9CD588-E2B5-4953-B317-FE66E025983B}.ReleaseNoSign|ARM.ActiveCfg = ReleaseNoSign|Win32
		{7F9CD588-E2B5-4953-B317-FE66E025983B}.ReleaseNoSign|ARM64.ActiveCfg = ReleaseNoSign|Win32
		{7F9CD588-E2B5-4953-B317-FE66E025983B}.ReleaseNoSign|x64.ActiveCfg = Release|x64
		{7F9CD588-E2B5-4953-B317-FE66E025983B}.ReleaseNoSign|x64.Build.0 = Release|x64
		{7F9CD588-E2B5-4953-B317-FE66E025983B}.ReleaseNoSign|x86.ActiveCfg = ReleaseNoSign|Win32
		{7F9CD588-E2B5-4953-B317-FE66E025983B}.ReleaseNoSign|x86.Build.0 = ReleaseNoSign|Win32
		{C43F2B17-A6EE-42B9-B6A3-80AD74C9317F}.Debug|Any CPU.ActiveCfg = Debug|Win32
		{C43F2B17-A6EE-42B9-B6A3-80AD74C9317F}.Debug|ARM.ActiveCfg = Debug|Win32
		{C43F2B17-A6EE-42B9-B6A3-80AD74C9317F}.Debug|ARM64.ActiveCfg = Debug|Win32
		{C43F2B17-A6EE-42B9-B6A3-80AD74C9317F}.Debug|x64.ActiveCfg = Debug|x64
		{C43F2B17-A6EE-42B9-B6A3-80AD74C9317F}.Debug|x64.Build.0 = Debug|x64
		{C43F2B17-A6EE-42B9-B6A3-80AD74C9317F}.Debug|x64.Deploy.0 = Debug|x64
		{C43F2B17-A6EE-42B9-B6A3-80AD74C9317F}.Debug|x86.ActiveCfg = Debug|Win32
		{C43F2B17-A6EE-42B9-B6A3-80AD74C9317F}.Debug|x86.Build.0 = Debug|Win32
		{C43F2B17-A6EE-42B9-B6A3-80AD74C9317F}.Release|Any CPU.ActiveCfg = Release|Win32
		{C43F2B17-A6EE-42B9-B6A3-80AD74C9317F}.Release|ARM.ActiveCfg = Release|Win32
		{C43F2B17-A6EE-42B9-B6A3-80AD74C9317F}.Release|ARM64.ActiveCfg = Release|Win32
		{C43F2B17-A6EE-42B9-B6A3-80AD74C9317F}.Release|x64.ActiveCfg = Release|x64
		{C43F2B17-A6EE-42B9-B6A3-80AD74C9317F}.Release|x64.Build.0 = Release|x64
		{C43F2B17-A6EE-42B9-B6A3-80AD74C9317F}.Release|x86.ActiveCfg = Release|Win32
		{C43F2B17-A6EE-42B9-B6A3-80AD74C9317F}.Release|x86.Build.0 = Release|Win32
		{C43F2B17-A6EE-42B9-B6A3-80AD74C9317F}.ReleaseNoSign|Any CPU.ActiveCfg = ReleaseNoSign|Win32
		{C43F2B17-A6EE-42B9-B6A3-80AD74C9317F}.ReleaseNoSign|ARM.ActiveCfg = ReleaseNoSign|Win32
		{C43F2B17-A6EE-42B9-B6A3-80AD74C9317F}.ReleaseNoSign|ARM64.ActiveCfg = ReleaseNoSign|Win32
		{C43F2B17-A6EE-42B9-B6A3-80AD74C9317F}.ReleaseNoSign|x64.ActiveCfg = Release|x64
		{C43F2B17-A6EE-42B9-B6A3-80AD74C9317F}.ReleaseNoSign|x64.Build.0 = Release|x64
		{C43F2B17-A6EE-42B9-B6A3-80AD74C9317F}.ReleaseNoSign|x86.ActiveCfg = ReleaseNoSign|Win32
		{C43F2B17-A6EE-42B9-B6A3-80AD74C9317F}.ReleaseNoSign|x86.Build.0 = ReleaseNoSign|Win32
		{3F14CB03-DC75-49E0-AC94-61E5BF951CFA}.Debug|Any CPU.ActiveCfg = Debug|Any CPU
		{3F14CB03-DC75-49E0-AC94-61E5BF951CFA}.Debug|Any CPU.Build.0 = Debug|Any CPU
		{3F14CB03-DC75-49E0-AC94-61E5BF951CFA}.Debug|ARM.ActiveCfg = Debug|Any CPU
		{3F14CB03-DC75-49E0-AC94-61E5BF951CFA}.Debug|ARM.Build.0 = Debug|Any CPU
		{3F14CB03-DC75-49E0-AC94-61E5BF951CFA}.Debug|ARM64.ActiveCfg = Debug|Any CPU
		{3F14CB03-DC75-49E0-AC94-61E5BF951CFA}.Debug|ARM64.Build.0 = Debug|Any CPU
		{3F14CB03-DC75-49E0-AC94-61E5BF951CFA}.Debug|x64.ActiveCfg = Debug|Any CPU
		{3F14CB03-DC75-49E0-AC94-61E5BF951CFA}.Debug|x64.Build.0 = Debug|Any CPU
		{3F14CB03-DC75-49E0-AC94-61E5BF951CFA}.Debug|x86.ActiveCfg = Debug|Any CPU
		{3F14CB03-DC75-49E0-AC94-61E5BF951CFA}.Debug|x86.Build.0 = Debug|Any CPU
		{3F14CB03-DC75-49E0-AC94-61E5BF951CFA}.Release|Any CPU.ActiveCfg = Release|Any CPU
		{3F14CB03-DC75-49E0-AC94-61E5BF951CFA}.Release|Any CPU.Build.0 = Release|Any CPU
		{3F14CB03-DC75-49E0-AC94-61E5BF951CFA}.Release|ARM.ActiveCfg = Release|Any CPU
		{3F14CB03-DC75-49E0-AC94-61E5BF951CFA}.Release|ARM.Build.0 = Release|Any CPU
		{3F14CB03-DC75-49E0-AC94-61E5BF951CFA}.Release|ARM64.ActiveCfg = Release|Any CPU
		{3F14CB03-DC75-49E0-AC94-61E5BF951CFA}.Release|ARM64.Build.0 = Release|Any CPU
		{3F14CB03-DC75-49E0-AC94-61E5BF951CFA}.Release|x64.ActiveCfg = Release|Any CPU
		{3F14CB03-DC75-49E0-AC94-61E5BF951CFA}.Release|x64.Build.0 = Release|Any CPU
		{3F14CB03-DC75-49E0-AC94-61E5BF951CFA}.Release|x86.ActiveCfg = Release|Any CPU
		{3F14CB03-DC75-49E0-AC94-61E5BF951CFA}.Release|x86.Build.0 = Release|Any CPU
		{3F14CB03-DC75-49E0-AC94-61E5BF951CFA}.ReleaseNoSign|Any CPU.ActiveCfg = ReleaseNoSign|Any CPU
		{3F14CB03-DC75-49E0-AC94-61E5BF951CFA}.ReleaseNoSign|Any CPU.Build.0 = ReleaseNoSign|Any CPU
		{3F14CB03-DC75-49E0-AC94-61E5BF951CFA}.ReleaseNoSign|ARM.ActiveCfg = ReleaseNoSign|Any CPU
		{3F14CB03-DC75-49E0-AC94-61E5BF951CFA}.ReleaseNoSign|ARM.Build.0 = ReleaseNoSign|Any CPU
		{3F14CB03-DC75-49E0-AC94-61E5BF951CFA}.ReleaseNoSign|ARM64.ActiveCfg = ReleaseNoSign|Any CPU
		{3F14CB03-DC75-49E0-AC94-61E5BF951CFA}.ReleaseNoSign|ARM64.Build.0 = ReleaseNoSign|Any CPU
		{3F14CB03-DC75-49E0-AC94-61E5BF951CFA}.ReleaseNoSign|x64.ActiveCfg = Release|Any CPU
		{3F14CB03-DC75-49E0-AC94-61E5BF951CFA}.ReleaseNoSign|x64.Build.0 = Release|Any CPU
		{3F14CB03-DC75-49E0-AC94-61E5BF951CFA}.ReleaseNoSign|x86.ActiveCfg = ReleaseNoSign|Any CPU
		{3F14CB03-DC75-49E0-AC94-61E5BF951CFA}.ReleaseNoSign|x86.Build.0 = ReleaseNoSign|Any CPU
		{708775E8-A45A-4BF8-8082-1A5A0530EF88}.Debug|Any CPU.ActiveCfg = Debug|Any CPU
		{708775E8-A45A-4BF8-8082-1A5A0530EF88}.Debug|Any CPU.Build.0 = Debug|Any CPU
		{708775E8-A45A-4BF8-8082-1A5A0530EF88}.Debug|ARM.ActiveCfg = Debug|Any CPU
		{708775E8-A45A-4BF8-8082-1A5A0530EF88}.Debug|ARM.Build.0 = Debug|Any CPU
		{708775E8-A45A-4BF8-8082-1A5A0530EF88}.Debug|ARM64.ActiveCfg = Debug|Any CPU
		{708775E8-A45A-4BF8-8082-1A5A0530EF88}.Debug|ARM64.Build.0 = Debug|Any CPU
		{708775E8-A45A-4BF8-8082-1A5A0530EF88}.Debug|x64.ActiveCfg = Debug|Any CPU
		{708775E8-A45A-4BF8-8082-1A5A0530EF88}.Debug|x64.Build.0 = Debug|Any CPU
		{708775E8-A45A-4BF8-8082-1A5A0530EF88}.Debug|x86.ActiveCfg = Debug|Any CPU
		{708775E8-A45A-4BF8-8082-1A5A0530EF88}.Debug|x86.Build.0 = Debug|Any CPU
		{708775E8-A45A-4BF8-8082-1A5A0530EF88}.Release|Any CPU.ActiveCfg = Release|Any CPU
		{708775E8-A45A-4BF8-8082-1A5A0530EF88}.Release|Any CPU.Build.0 = Release|Any CPU
		{708775E8-A45A-4BF8-8082-1A5A0530EF88}.Release|ARM.ActiveCfg = Release|Any CPU
		{708775E8-A45A-4BF8-8082-1A5A0530EF88}.Release|ARM.Build.0 = Release|Any CPU
		{708775E8-A45A-4BF8-8082-1A5A0530EF88}.Release|ARM64.ActiveCfg = Release|Any CPU
		{708775E8-A45A-4BF8-8082-1A5A0530EF88}.Release|ARM64.Build.0 = Release|Any CPU
		{708775E8-A45A-4BF8-8082-1A5A0530EF88}.Release|x64.ActiveCfg = Release|Any CPU
		{708775E8-A45A-4BF8-8082-1A5A0530EF88}.Release|x64.Build.0 = Release|Any CPU
		{708775E8-A45A-4BF8-8082-1A5A0530EF88}.Release|x86.ActiveCfg = Release|Any CPU
		{708775E8-A45A-4BF8-8082-1A5A0530EF88}.Release|x86.Build.0 = Release|Any CPU
		{708775E8-A45A-4BF8-8082-1A5A0530EF88}.ReleaseNoSign|Any CPU.ActiveCfg = ReleaseNoSign|Any CPU
		{708775E8-A45A-4BF8-8082-1A5A0530EF88}.ReleaseNoSign|Any CPU.Build.0 = ReleaseNoSign|Any CPU
		{708775E8-A45A-4BF8-8082-1A5A0530EF88}.ReleaseNoSign|ARM.ActiveCfg = ReleaseNoSign|Any CPU
		{708775E8-A45A-4BF8-8082-1A5A0530EF88}.ReleaseNoSign|ARM.Build.0 = ReleaseNoSign|Any CPU
		{708775E8-A45A-4BF8-8082-1A5A0530EF88}.ReleaseNoSign|ARM64.ActiveCfg = ReleaseNoSign|Any CPU
		{708775E8-A45A-4BF8-8082-1A5A0530EF88}.ReleaseNoSign|ARM64.Build.0 = ReleaseNoSign|Any CPU
		{708775E8-A45A-4BF8-8082-1A5A0530EF88}.ReleaseNoSign|x64.ActiveCfg = Release|Any CPU
		{708775E8-A45A-4BF8-8082-1A5A0530EF88}.ReleaseNoSign|x64.Build.0 = Release|Any CPU
		{708775E8-A45A-4BF8-8082-1A5A0530EF88}.ReleaseNoSign|x86.ActiveCfg = ReleaseNoSign|Any CPU
		{708775E8-A45A-4BF8-8082-1A5A0530EF88}.ReleaseNoSign|x86.Build.0 = ReleaseNoSign|Any CPU
		{A1E0E6C7-C733-4228-8FF2-27DD2A98B902}.Debug|Any CPU.ActiveCfg = Debug|Any CPU
		{A1E0E6C7-C733-4228-8FF2-27DD2A98B902}.Debug|Any CPU.Build.0 = Debug|Any CPU
		{A1E0E6C7-C733-4228-8FF2-27DD2A98B902}.Debug|ARM.ActiveCfg = Debug|Any CPU
		{A1E0E6C7-C733-4228-8FF2-27DD2A98B902}.Debug|ARM.Build.0 = Debug|Any CPU
		{A1E0E6C7-C733-4228-8FF2-27DD2A98B902}.Debug|ARM64.ActiveCfg = Debug|Any CPU
		{A1E0E6C7-C733-4228-8FF2-27DD2A98B902}.Debug|ARM64.Build.0 = Debug|Any CPU
		{A1E0E6C7-C733-4228-8FF2-27DD2A98B902}.Debug|x64.ActiveCfg = Debug|Any CPU
		{A1E0E6C7-C733-4228-8FF2-27DD2A98B902}.Debug|x64.Build.0 = Debug|Any CPU
		{A1E0E6C7-C733-4228-8FF2-27DD2A98B902}.Debug|x86.ActiveCfg = Debug|Any CPU
		{A1E0E6C7-C733-4228-8FF2-27DD2A98B902}.Debug|x86.Build.0 = Debug|Any CPU
		{A1E0E6C7-C733-4228-8FF2-27DD2A98B902}.Release|Any CPU.ActiveCfg = Release|Any CPU
		{A1E0E6C7-C733-4228-8FF2-27DD2A98B902}.Release|Any CPU.Build.0 = Release|Any CPU
		{A1E0E6C7-C733-4228-8FF2-27DD2A98B902}.Release|ARM.ActiveCfg = Release|Any CPU
		{A1E0E6C7-C733-4228-8FF2-27DD2A98B902}.Release|ARM.Build.0 = Release|Any CPU
		{A1E0E6C7-C733-4228-8FF2-27DD2A98B902}.Release|ARM64.ActiveCfg = Release|Any CPU
		{A1E0E6C7-C733-4228-8FF2-27DD2A98B902}.Release|ARM64.Build.0 = Release|Any CPU
		{A1E0E6C7-C733-4228-8FF2-27DD2A98B902}.Release|x64.ActiveCfg = Release|Any CPU
		{A1E0E6C7-C733-4228-8FF2-27DD2A98B902}.Release|x64.Build.0 = Release|Any CPU
		{A1E0E6C7-C733-4228-8FF2-27DD2A98B902}.Release|x86.ActiveCfg = Release|Any CPU
		{A1E0E6C7-C733-4228-8FF2-27DD2A98B902}.Release|x86.Build.0 = Release|Any CPU
		{A1E0E6C7-C733-4228-8FF2-27DD2A98B902}.ReleaseNoSign|Any CPU.ActiveCfg = ReleaseNoSign|Any CPU
		{A1E0E6C7-C733-4228-8FF2-27DD2A98B902}.ReleaseNoSign|Any CPU.Build.0 = ReleaseNoSign|Any CPU
		{A1E0E6C7-C733-4228-8FF2-27DD2A98B902}.ReleaseNoSign|ARM.ActiveCfg = ReleaseNoSign|Any CPU
		{A1E0E6C7-C733-4228-8FF2-27DD2A98B902}.ReleaseNoSign|ARM.Build.0 = ReleaseNoSign|Any CPU
		{A1E0E6C7-C733-4228-8FF2-27DD2A98B902}.ReleaseNoSign|ARM64.ActiveCfg = ReleaseNoSign|Any CPU
		{A1E0E6C7-C733-4228-8FF2-27DD2A98B902}.ReleaseNoSign|ARM64.Build.0 = ReleaseNoSign|Any CPU
		{A1E0E6C7-C733-4228-8FF2-27DD2A98B902}.ReleaseNoSign|x64.ActiveCfg = Release|Any CPU
		{A1E0E6C7-C733-4228-8FF2-27DD2A98B902}.ReleaseNoSign|x64.Build.0 = Release|Any CPU
		{A1E0E6C7-C733-4228-8FF2-27DD2A98B902}.ReleaseNoSign|x86.ActiveCfg = ReleaseNoSign|Any CPU
		{A1E0E6C7-C733-4228-8FF2-27DD2A98B902}.ReleaseNoSign|x86.Build.0 = ReleaseNoSign|Any CPU
	EndGlobalSection
	GlobalSection(SolutionProperties) = preSolution
		HideSolutionNode = FALSE
	EndGlobalSection
	GlobalSection(NestedProjects) = preSolution
		{74D4ED9A-6D7E-45D4-9016-46C8F183B739} = {99AA5299-6C5D-4FDB-9E01-53E970D6DB49}
		{37C00066-9412-4E76-86D2-D2D39E179050} = {99AA5299-6C5D-4FDB-9E01-53E970D6DB49}
		{7F9CD588-E2B5-4953-B317-FE66E025983B} = {99AA5299-6C5D-4FDB-9E01-53E970D6DB49}
		{C43F2B17-A6EE-42B9-B6A3-80AD74C9317F} = {99AA5299-6C5D-4FDB-9E01-53E970D6DB49}
		{3F14CB03-DC75-49E0-AC94-61E5BF951CFA} = {99AA5299-6C5D-4FDB-9E01-53E970D6DB49}
		{708775E8-A45A-4BF8-8082-1A5A0530EF88} = {86231D9B-6484-40EC-8F67-D4C30AFB0E60}
		{A1E0E6C7-C733-4228-8FF2-27DD2A98B902} = {86231D9B-6484-40EC-8F67-D4C30AFB0E60}
	EndGlobalSection
	GlobalSection(ExtensibilityGlobals) = postSolution
		SolutionGuid = {91CB5940-DA5D-47D7-8A23-222D30155B68}
	EndGlobalSection
EndGlobal
