
Microsoft Visual Studio Solution File, Format Version 12.00
# Visual Studio 15
VisualStudioVersion = 15.0.27128.1
MinimumVisualStudioVersion = 10.0.40219.1
Project("{8BC9CEB8-8B4A-11D0-8D11-00A0C91BC942}") = "KExplore", "KExplore\KExplore.vcxproj", "{E96B9A14-28CD-4D69-9D8B-7A0A69543A01}"
EndProject
Project("{8BC9CEB8-8B4A-11D0-8D11-00A0C91BC942}") = "KExploreHelper", "KExploreHelper\KExploreHelper.vcxproj", "{2F00036D-C293-4C9D-9267-784C11C01ED6}"
EndProject
Project("{8BC9CEB8-8B4A-11D0-8D11-00A0C91BC942}") = "JobList", "JobList\JobList.vcxproj", "{74D4ED9A-6D7E-45D4-9016-46C8F183B739}"
	ProjectSection(ProjectDependencies) = postProject
		{E96B9A14-28CD-4D69-9D8B-7A0A69543A01} = {E96B9A14-28CD-4D69-9D8B-7A0A69543A01}
	EndProjectSection
EndProject
Project("{FAE04EC0-301F-11D3-BF4B-00C04F79EFBC}") = "JobView", "JobView\JobView.csproj", "{37C00066-9412-4E76-86D2-D2D39E179050}"
EndProject
Project("{FAE04EC0-301F-11D3-BF4B-00C04F79EFBC}") = "KernelExplorer.Driver", "KernelExplorer.Driver\KernelExplorer.Driver.csproj", "{98412CD8-28D6-4135-A6F2-F95305B7ED33}"
EndProject
Project("{8BC9CEB8-8B4A-11D0-8D11-00A0C91BC942}") = "ProcList", "ProcList\ProcList.vcxproj", "{7F9CD588-E2B5-4953-B317-FE66E025983B}"
EndProject
Project("{8BC9CEB8-8B4A-11D0-8D11-00A0C91BC942}") = "MemMap", "MemMap\MemMap.vcxproj", "{C43F2B17-A6EE-42B9-B6A3-80AD74C9317F}"
EndProject
Global
	GlobalSection(SolutionConfigurationPlatforms) = preSolution
		Debug|Any CPU = Debug|Any CPU
		Debug|ARM = Debug|ARM
		Debug|ARM64 = Debug|ARM64
		Debug|x64 = Debug|x64
		Debug|x86 = Debug|x86
		Release|Any CPU = Release|Any CPU
		Release|ARM = Release|ARM
		Release|ARM64 = Release|ARM64
		Release|x64 = Release|x64
		Release|x86 = Release|x86
	EndGlobalSection
	GlobalSection(ProjectConfigurationPlatforms) = postSolution
		{E96B9A14-28CD-4D69-9D8B-7A0A69543A01}.Debug|Any CPU.ActiveCfg = Debug|Win32
		{E96B9A14-28CD-4D69-9D8B-7A0A69543A01}.Debug|ARM.ActiveCfg = Debug|ARM
		{E96B9A14-28CD-4D69-9D8B-7A0A69543A01}.Debug|ARM.Build.0 = Debug|ARM
		{E96B9A14-28CD-4D69-9D8B-7A0A69543A01}.Debug|ARM.Deploy.0 = Debug|ARM
		{E96B9A14-28CD-4D69-9D8B-7A0A69543A01}.Debug|ARM64.ActiveCfg = Debug|ARM64
		{E96B9A14-28CD-4D69-9D8B-7A0A69543A01}.Debug|ARM64.Build.0 = Debug|ARM64
		{E96B9A14-28CD-4D69-9D8B-7A0A69543A01}.Debug|ARM64.Deploy.0 = Debug|ARM64
		{E96B9A14-28CD-4D69-9D8B-7A0A69543A01}.Debug|x64.ActiveCfg = Debug|x64
		{E96B9A14-28CD-4D69-9D8B-7A0A69543A01}.Debug|x64.Build.0 = Debug|x64
		{E96B9A14-28CD-4D69-9D8B-7A0A69543A01}.Debug|x64.Deploy.0 = Debug|x64
		{E96B9A14-28CD-4D69-9D8B-7A0A69543A01}.Debug|x86.ActiveCfg = Debug|Win32
		{E96B9A14-28CD-4D69-9D8B-7A0A69543A01}.Debug|x86.Build.0 = Debug|Win32
		{E96B9A14-28CD-4D69-9D8B-7A0A69543A01}.Debug|x86.Deploy.0 = Debug|Win32
		{E96B9A14-28CD-4D69-9D8B-7A0A69543A01}.Release|Any CPU.ActiveCfg = Release|Win32
		{E96B9A14-28CD-4D69-9D8B-7A0A69543A01}.Release|ARM.ActiveCfg = Release|ARM
		{E96B9A14-28CD-4D69-9D8B-7A0A69543A01}.Release|ARM.Build.0 = Release|ARM
		{E96B9A14-28CD-4D69-9D8B-7A0A69543A01}.Release|ARM.Deploy.0 = Release|ARM
		{E96B9A14-28CD-4D69-9D8B-7A0A69543A01}.Release|ARM64.ActiveCfg = Release|ARM64
		{E96B9A14-28CD-4D69-9D8B-7A0A69543A01}.Release|ARM64.Build.0 = Release|ARM64
		{E96B9A14-28CD-4D69-9D8B-7A0A69543A01}.Release|ARM64.Deploy.0 = Release|ARM64
		{E96B9A14-28CD-4D69-9D8B-7A0A69543A01}.Release|x64.ActiveCfg = Release|x64
		{E96B9A14-28CD-4D69-9D8B-7A0A69543A01}.Release|x64.Build.0 = Release|x64
		{E96B9A14-28CD-4D69-9D8B-7A0A69543A01}.Release|x64.Deploy.0 = Release|x64
		{E96B9A14-28CD-4D69-9D8B-7A0A69543A01}.Release|x86.ActiveCfg = Release|Win32
		{E96B9A14-28CD-4D69-9D8B-7A0A69543A01}.Release|x86.Build.0 = Release|Win32
		{E96B9A14-28CD-4D69-9D8B-7A0A69543A01}.Release|x86.Deploy.0 = Release|Win32
		{2F00036D-C293-4C9D-9267-784C11C01ED6}.Debug|Any CPU.ActiveCfg = Debug|Win32
		{2F00036D-C293-4C9D-9267-784C11C01ED6}.Debug|ARM.ActiveCfg = Debug|Win32
		{2F00036D-C293-4C9D-9267-784C11C01ED6}.Debug|ARM64.ActiveCfg = Debug|Win32
		{2F00036D-C293-4C9D-9267-784C11C01ED6}.Debug|x64.ActiveCfg = Debug|x64
		{2F00036D-C293-4C9D-9267-784C11C01ED6}.Debug|x64.Build.0 = Debug|x64
		{2F00036D-C293-4C9D-9267-784C11C01ED6}.Debug|x86.ActiveCfg = Debug|Win32
		{2F00036D-C293-4C9D-9267-784C11C01ED6}.Debug|x86.Build.0 = Debug|Win32
		{2F00036D-C293-4C9D-9267-784C11C01ED6}.Release|Any CPU.ActiveCfg = Release|Win32
		{2F00036D-C293-4C9D-9267-784C11C01ED6}.Release|ARM.ActiveCfg = Release|Win32
		{2F00036D-C293-4C9D-9267-784C11C01ED6}.Release|ARM64.ActiveCfg = Release|Win32
		{2F00036D-C293-4C9D-9267-784C11C01ED6}.Release|x64.ActiveCfg = Release|x64
		{2F00036D-C293-4C9D-9267-784C11C01ED6}.Release|x64.Build.0 = Release|x64
		{2F00036D-C293-4C9D-9267-784C11C01ED6}.Release|x86.ActiveCfg = Release|Win32
		{2F00036D-C293-4C9D-9267-784C11C01ED6}.Release|x86.Build.0 = Release|Win32
		{74D4ED9A-6D7E-45D4-9016-46C8F183B739}.Debug|Any CPU.ActiveCfg = Debug|Win32
		{74D4ED9A-6D7E-45D4-9016-46C8F183B739}.Debug|ARM.ActiveCfg = Debug|Win32
		{74D4ED9A-6D7E-45D4-9016-46C8F183B739}.Debug|ARM64.ActiveCfg = Debug|Win32
		{74D4ED9A-6D7E-45D4-9016-46C8F183B739}.Debug|x64.ActiveCfg = Debug|x64
		{74D4ED9A-6D7E-45D4-9016-46C8F183B739}.Debug|x64.Build.0 = Debug|x64
		{74D4ED9A-6D7E-45D4-9016-46C8F183B739}.Debug|x86.ActiveCfg = Debug|Win32
		{74D4ED9A-6D7E-45D4-9016-46C8F183B739}.Debug|x86.Build.0 = Debug|Win32
		{74D4ED9A-6D7E-45D4-9016-46C8F183B739}.Release|Any CPU.ActiveCfg = Release|Win32
		{74D4ED9A-6D7E-45D4-9016-46C8F183B739}.Release|ARM.ActiveCfg = Release|Win32
		{74D4ED9A-6D7E-45D4-9016-46C8F183B739}.Release|ARM64.ActiveCfg = Release|Win32
		{74D4ED9A-6D7E-45D4-9016-46C8F183B739}.Release|x64.ActiveCfg = Release|x64
		{74D4ED9A-6D7E-45D4-9016-46C8F183B739}.Release|x64.Build.0 = Release|x64
		{74D4ED9A-6D7E-45D4-9016-46C8F183B739}.Release|x86.ActiveCfg = Release|Win32
		{74D4ED9A-6D7E-45D4-9016-46C8F183B739}.Release|x86.Build.0 = Release|Win32
		{37C00066-9412-4E76-86D2-D2D39E179050}.Debug|Any CPU.ActiveCfg = Debug|Any CPU
		{37C00066-9412-4E76-86D2-D2D39E179050}.Debug|Any CPU.Build.0 = Debug|Any CPU
		{37C00066-9412-4E76-86D2-D2D39E179050}.Debug|ARM.ActiveCfg = Debug|Any CPU
		{37C00066-9412-4E76-86D2-D2D39E179050}.Debug|ARM.Build.0 = Debug|Any CPU
		{37C00066-9412-4E76-86D2-D2D39E179050}.Debug|ARM64.ActiveCfg = Debug|Any CPU
		{37C00066-9412-4E76-86D2-D2D39E179050}.Debug|ARM64.Build.0 = Debug|Any CPU
		{37C00066-9412-4E76-86D2-D2D39E179050}.Debug|x64.ActiveCfg = Debug|Any CPU
		{37C00066-9412-4E76-86D2-D2D39E179050}.Debug|x64.Build.0 = Debug|Any CPU
		{37C00066-9412-4E76-86D2-D2D39E179050}.Debug|x86.ActiveCfg = Debug|Any CPU
		{37C00066-9412-4E76-86D2-D2D39E179050}.Debug|x86.Build.0 = Debug|Any CPU
		{37C00066-9412-4E76-86D2-D2D39E179050}.Release|Any CPU.ActiveCfg = Release|Any CPU
		{37C00066-9412-4E76-86D2-D2D39E179050}.Release|Any CPU.Build.0 = Release|Any CPU
		{37C00066-9412-4E76-86D2-D2D39E179050}.Release|ARM.ActiveCfg = Release|Any CPU
		{37C00066-9412-4E76-86D2-D2D39E179050}.Release|ARM.Build.0 = Release|Any CPU
		{37C00066-9412-4E76-86D2-D2D39E179050}.Release|ARM64.ActiveCfg = Release|Any CPU
		{37C00066-9412-4E76-86D2-D2D39E179050}.Release|ARM64.Build.0 = Release|Any CPU
		{37C00066-9412-4E76-86D2-D2D39E179050}.Release|x64.ActiveCfg = Release|Any CPU
		{37C00066-9412-4E76-86D2-D2D39E179050}.Release|x64.Build.0 = Release|Any CPU
		{37C00066-9412-4E76-86D2-D2D39E179050}.Release|x86.ActiveCfg = Release|Any CPU
		{37C00066-9412-4E76-86D2-D2D39E179050}.Release|x86.Build.0 = Release|Any CPU
		{98412CD8-28D6-4135-A6F2-F95305B7ED33}.Debug|Any CPU.ActiveCfg = Debug|Any CPU
		{98412CD8-28D6-4135-A6F2-F95305B7ED33}.Debug|Any CPU.Build.0 = Debug|Any CPU
		{98412CD8-28D6-4135-A6F2-F95305B7ED33}.Debug|ARM.ActiveCfg = Debug|Any CPU
		{98412CD8-28D6-4135-A6F2-F95305B7ED33}.Debug|ARM.Build.0 = Debug|Any CPU
		{98412CD8-28D6-4135-A6F2-F95305B7ED33}.Debug|ARM64.ActiveCfg = Debug|Any CPU
		{98412CD8-28D6-4135-A6F2-F95305B7ED33}.Debug|ARM64.Build.0 = Debug|Any CPU
		{98412CD8-28D6-4135-A6F2-F95305B7ED33}.Debug|x64.ActiveCfg = Debug|Any CPU
		{98412CD8-28D6-4135-A6F2-F95305B7ED33}.Debug|x64.Build.0 = Debug|Any CPU
		{98412CD8-28D6-4135-A6F2-F95305B7ED33}.Debug|x86.ActiveCfg = Debug|Any CPU
		{98412CD8-28D6-4135-A6F2-F95305B7ED33}.Debug|x86.Build.0 = Debug|Any CPU
		{98412CD8-28D6-4135-A6F2-F95305B7ED33}.Release|Any CPU.ActiveCfg = Release|Any CPU
		{98412CD8-28D6-4135-A6F2-F95305B7ED33}.Release|Any CPU.Build.0 = Release|Any CPU
		{98412CD8-28D6-4135-A6F2-F95305B7ED33}.Release|ARM.ActiveCfg = Release|Any CPU
		{98412CD8-28D6-4135-A6F2-F95305B7ED33}.Release|ARM.Build.0 = Release|Any CPU
		{98412CD8-28D6-4135-A6F2-F95305B7ED33}.Release|ARM64.ActiveCfg = Release|Any CPU
		{98412CD8-28D6-4135-A6F2-F95305B7ED33}.Release|ARM64.Build.0 = Release|Any CPU
		{98412CD8-28D6-4135-A6F2-F95305B7ED33}.Release|x64.ActiveCfg = Release|Any CPU
		{98412CD8-28D6-4135-A6F2-F95305B7ED33}.Release|x64.Build.0 = Release|Any CPU
		{98412CD8-28D6-4135-A6F2-F95305B7ED33}.Release|x86.ActiveCfg = Release|Any CPU
		{98412CD8-28D6-4135-A6F2-F95305B7ED33}.Release|x86.Build.0 = Release|Any CPU
		{7F9CD588-E2B5-4953-B317-FE66E025983B}.Debug|Any CPU.ActiveCfg = Debug|Win32
		{7F9CD588-E2B5-4953-B317-FE66E025983B}.Debug|ARM.ActiveCfg = Debug|Win32
		{7F9CD588-E2B5-4953-B317-FE66E025983B}.Debug|ARM64.ActiveCfg = Debug|Win32
		{7F9CD588-E2B5-4953-B317-FE66E025983B}.Debug|x64.ActiveCfg = Debug|x64
		{7F9CD588-E2B5-4953-B317-FE66E025983B}.Debug|x64.Build.0 = Debug|x64
		{7F9CD588-E2B5-4953-B317-FE66E025983B}.Debug|x86.ActiveCfg = Debug|Win32
		{7F9CD588-E2B5-4953-B317-FE66E025983B}.Debug|x86.Build.0 = Debug|Win32
		{7F9CD588-E2B5-4953-B317-FE66E025983B}.Release|Any CPU.ActiveCfg = Release|Win32
		{7F9CD588-E2B5-4953-B317-FE66E025983B}.Release|ARM.ActiveCfg = Release|Win32
		{7F9CD588-E2B5-4953-B317-FE66E025983B}.Release|ARM64.ActiveCfg = Release|Win32
		{7F9CD588-E2B5-4953-B317-FE66E025983B}.Release|x64.ActiveCfg = Release|x64
		{7F9CD588-E2B5-4953-B317-FE66E025983B}.Release|x64.Build.0 = Release|x64
		{7F9CD588-E2B5-4953-B317-FE66E025983B}.Release|x86.ActiveCfg = Release|Win32
		{7F9CD588-E2B5-4953-B317-FE66E025983B}.Release|x86.Build.0 = Release|Win32
		{C43F2B17-A6EE-42B9-B6A3-80AD74C9317F}.Debug|Any CPU.ActiveCfg = Debug|Win32
		{C43F2B17-A6EE-42B9-B6A3-80AD74C9317F}.Debug|ARM.ActiveCfg = Debug|Win32
		{C43F2B17-A6EE-42B9-B6A3-80AD74C9317F}.Debug|ARM64.ActiveCfg = Debug|Win32
		{C43F2B17-A6EE-42B9-B6A3-80AD74C9317F}.Debug|x64.ActiveCfg = Debug|x64
		{C43F2B17-A6EE-42B9-B6A3-80AD74C9317F}.Debug|x64.Build.0 = Debug|x64
		{C43F2B17-A6EE-42B9-B6A3-80AD74C9317F}.Debug|x86.ActiveCfg = Debug|Win32
		{C43F2B17-A6EE-42B9-B6A3-80AD74C9317F}.Debug|x86.Build.0 = Debug|Win32
		{C43F2B17-A6EE-42B9-B6A3-80AD74C9317F}.Release|Any CPU.ActiveCfg = Release|Win32
		{C43F2B17-A6EE-42B9-B6A3-80AD74C9317F}.Release|ARM.ActiveCfg = Release|Win32
		{C43F2B17-A6EE-42B9-B6A3-80AD74C9317F}.Release|ARM64.ActiveCfg = Release|Win32
		{C43F2B17-A6EE-42B9-B6A3-80AD74C9317F}.Release|x64.ActiveCfg = Release|x64
		{C43F2B17-A6EE-42B9-B6A3-80AD74C9317F}.Release|x64.Build.0 = Release|x64
		{C43F2B17-A6EE-42B9-B6A3-80AD74C9317F}.Release|x86.ActiveCfg = Release|Win32
		{C43F2B17-A6EE-42B9-B6A3-80AD74C9317F}.Release|x86.Build.0 = Release|Win32
	EndGlobalSection
	GlobalSection(SolutionProperties) = preSolution
		HideSolutionNode = FALSE
	EndGlobalSection
	GlobalSection(ExtensibilityGlobals) = postSolution
		SolutionGuid = {91CB5940-DA5D-47D7-8A23-222D30155B68}
	EndGlobalSection
EndGlobal
